
Microsoft Visual Studio Solution File, Format Version 12.00
# Visual Studio Version 18
VisualStudioVersion = 18.2.11415.280
MinimumVisualStudioVersion = 10.0.40219.1
Project("{FAE04EC0-301F-11D3-BF4B-00C04F79EFBC}") = "RacingLeagueHub", "RacingLeagueHub\RacingLeagueHub.csproj", "{B1A8267C-4DDC-43F5-8B99-C9ED56FA5B31}"
EndProject
Project("{54A90642-561A-4BB1-A94E-469ADEE60C69}") = "RacingLeagueHubClient", "RacingLeagueHubClient\RacingLeagueHubClient.esproj", "{A5919E49-3419-9F93-4A54-6EC73CAD51C7}"
EndProject
Project("{FAE04EC0-301F-11D3-BF4B-00C04F79EFBC}") = "RacingLeagueHub.Domain", "RacingLeagueHub.Domain\RacingLeagueHub.Domain.csproj", "{D9F79FF2-D9AB-4E7C-9763-99801200DEF7}"
EndProject
Project("{FAE04EC0-301F-11D3-BF4B-00C04F79EFBC}") = "RacingLeagueHub.Infrastructure", "RacingLeagueHub.Infrastructure\RacingLeagueHub.Infrastructure.csproj", "{593542C0-4645-4FD2-A72F-AE75CCF69D5F}"
EndProject
Project("{FAE04EC0-301F-11D3-BF4B-00C04F79EFBC}") = "RacingLeagueHub.Application", "RacingLeagueHub.Application\RacingLeagueHub.Application.csproj", "{DE44B59D-A78F-4EB0-9878-62B203F93923}"
EndProject
Global
	GlobalSection(SolutionConfigurationPlatforms) = preSolution
		Debug|Any CPU = Debug|Any CPU
		Release|Any CPU = Release|Any CPU
	EndGlobalSection
	GlobalSection(ProjectConfigurationPlatforms) = postSolution
		{B1A8267C-4DDC-43F5-8B99-C9ED56FA5B31}.Debug|Any CPU.ActiveCfg = Debug|Any CPU
		{B1A8267C-4DDC-43F5-8B99-C9ED56FA5B31}.Debug|Any CPU.Build.0 = Debug|Any CPU
		{B1A8267C-4DDC-43F5-8B99-C9ED56FA5B31}.Release|Any CPU.ActiveCfg = Release|Any CPU
		{B1A8267C-4DDC-43F5-8B99-C9ED56FA5B31}.Release|Any CPU.Build.0 = Release|Any CPU
		{A5919E49-3419-9F93-4A54-6EC73CAD51C7}.Debug|Any CPU.ActiveCfg = Debug|Any CPU
		{A5919E49-3419-9F93-4A54-6EC73CAD51C7}.Debug|Any CPU.Build.0 = Debug|Any CPU
		{A5919E49-3419-9F93-4A54-6EC73CAD51C7}.Debug|Any CPU.Deploy.0 = Debug|Any CPU
		{A5919E49-3419-9F93-4A54-6EC73CAD51C7}.Release|Any CPU.ActiveCfg = Release|Any CPU
		{A5919E49-3419-9F93-4A54-6EC73CAD51C7}.Release|Any CPU.Build.0 = Release|Any CPU
		{A5919E49-3419-9F93-4A54-6EC73CAD51C7}.Release|Any CPU.Deploy.0 = Release|Any CPU
		{D9F79FF2-D9AB-4E7C-9763-99801200DEF7}.Debug|Any CPU.ActiveCfg = Debug|Any CPU
		{D9F79FF2-D9AB-4E7C-9763-99801200DEF7}.Debug|Any CPU.Build.0 = Debug|Any CPU
		{D9F79FF2-D9AB-4E7C-9763-99801200DEF7}.Release|Any CPU.ActiveCfg = Release|Any CPU
		{D9F79FF2-D9AB-4E7C-9763-99801200DEF7}.Release|Any CPU.Build.0 = Release|Any CPU
		{593542C0-4645-4FD2-A72F-AE75CCF69D5F}.Debug|Any CPU.ActiveCfg = Debug|Any CPU
		{593542C0-4645-4FD2-A72F-AE75CCF69D5F}.Debug|Any CPU.Build.0 = Debug|Any CPU
		{593542C0-4645-4FD2-A72F-AE75CCF69D5F}.Release|Any CPU.ActiveCfg = Release|Any CPU
		{593542C0-4645-4FD2-A72F-AE75CCF69D5F}.Release|Any CPU.Build.0 = Release|Any CPU
		{DE44B59D-A78F-4EB0-9878-62B203F93923}.Debug|Any CPU.ActiveCfg = Debug|Any CPU
		{DE44B59D-A78F-4EB0-9878-62B203F93923}.Debug|Any CPU.Build.0 = Debug|Any CPU
		{DE44B59D-A78F-4EB0-9878-62B203F93923}.Release|Any CPU.ActiveCfg = Release|Any CPU
		{DE44B59D-A78F-4EB0-9878-62B203F93923}.Release|Any CPU.Build.0 = Release|Any CPU
	EndGlobalSection
	GlobalSection(SolutionProperties) = preSolution
		HideSolutionNode = FALSE
	EndGlobalSection
	GlobalSection(ExtensibilityGlobals) = postSolution
		SolutionGuid = {468A02ED-520D-4F77-99C2-47DA32EBB995}
	EndGlobalSection
EndGlobal
