
Microsoft Visual Studio Solution File, Format Version 12.00
# Visual Studio Version 17
VisualStudioVersion = 17.5.33530.505
MinimumVisualStudioVersion = 10.0.40219.1
Project("{FAE04EC0-301F-11D3-BF4B-00C04F79EFBC}") = "F1StatsServer", "F1StatsServer\F1StatsServer.csproj", "{B1A8267C-4DDC-43F5-8B99-C9ED56FA5B31}"
EndProject
Global
	GlobalSection(SolutionConfigurationPlatforms) = preSolution
		Debug|Any CPU = Debug|Any CPU
		Release|Any CPU = Release|Any CPU
	EndGlobalSection
	GlobalSection(ProjectConfigurationPlatforms) = postSolution
		{B1A8267C-4DDC-43F5-8B99-C9ED56FA5B31}.Debug|Any CPU.ActiveCfg = Debug|Any CPU
		{B1A8267C-4DDC-43F5-8B99-C9ED56FA5B31}.Debug|Any CPU.Build.0 = Debug|Any CPU
		{B1A8267C-4DDC-43F5-8B99-C9ED56FA5B31}.Release|Any CPU.ActiveCfg = Release|Any CPU
		{B1A8267C-4DDC-43F5-8B99-C9ED56FA5B31}.Release|Any CPU.Build.0 = Release|Any CPU
	EndGlobalSection
	GlobalSection(SolutionProperties) = preSolution
		HideSolutionNode = FALSE
	EndGlobalSection
	GlobalSection(ExtensibilityGlobals) = postSolution
		SolutionGuid = {468A02ED-520D-4F77-99C2-47DA32EBB995}
	EndGlobalSection
EndGlobal
