{
  "name": "gamestate",
  "version": "1.0.0",
  "lockfileVersion": 2,
  "requires": true,
  "packages": {
    "": {
      "name": "gamestate",
      "version": "1.0.0",
      "license": "MIT",
      "dependencies": {
        "@racehub-io/f1-telemetry-client": "^0.2.12"
      }
    },
    "node_modules/@racehub-io/f1-telemetry-client": {
      "version": "0.2.12",
      "resolved": "https://registry.npmjs.org/@racehub-io/f1-telemetry-client/-/f1-telemetry-client-0.2.12.tgz",
      "integrity": "sha512-DoRAHYnUbPl9UdgNzO8Sh8lEP3i+MB83i9JSayB5U6vybQul7kNB5JtIGIJrz66nPBrJC6Kk0FPezqR4QO5Lqg==",
      "dependencies": {
        "binary-parser": "^2.2.1",
        "struct": "^0.0.12"
      },
      "engines": {
        "node": ">=10.6.0"
      }
    },
    "node_modules/binary-parser": {
      "version": "2.2.1",
      "resolved": "https://registry.npmjs.org/binary-parser/-/binary-parser-2.2.1.tgz",
      "integrity": "sha512-5ATpz/uPDgq5GgEDxTB4ouXCde7q2lqAQlSdBRQVl/AJnxmQmhIfyxJx+0MGu//D5rHQifkfGbWWlaysG0o9NA==",
      "engines": {
        "node": ">=12"
      }
    },
    "node_modules/struct": {
      "version": "0.0.12",
      "resolved": "https://registry.npmjs.org/struct/-/struct-0.0.12.tgz",
      "integrity": "sha512-PV2nfc79Od13idbDWQZcsBZlmeDTdPP67cOYTUWZfYE77MWGhEGgGIAFtpO1UdOvDzB3I//jbFaA09JXNRAO3A==",
      "engines": {
        "node": ">0.6.0"
      }
    }
  },
  "dependencies": {
    "@racehub-io/f1-telemetry-client": {
      "version": "0.2.12",
      "resolved": "https://registry.npmjs.org/@racehub-io/f1-telemetry-client/-/f1-telemetry-client-0.2.12.tgz",
      "integrity": "sha512-DoRAHYnUbPl9UdgNzO8Sh8lEP3i+MB83i9JSayB5U6vybQul7kNB5JtIGIJrz66nPBrJC6Kk0FPezqR4QO5Lqg==",
      "requires": {
        "binary-parser": "^2.2.1",
        "struct": "^0.0.12"
      }
    },
    "binary-parser": {
      "version": "2.2.1",
      "resolved": "https://registry.npmjs.org/binary-parser/-/binary-parser-2.2.1.tgz",
      "integrity": "sha512-5ATpz/uPDgq5GgEDxTB4ouXCde7q2lqAQlSdBRQVl/AJnxmQmhIfyxJx+0MGu//D5rHQifkfGbWWlaysG0o9NA=="
    },
    "struct": {
      "version": "0.0.12",
      "resolved": "https://registry.npmjs.org/struct/-/struct-0.0.12.tgz",
      "integrity": "sha512-PV2nfc79Od13idbDWQZcsBZlmeDTdPP67cOYTUWZfYE77MWGhEGgGIAFtpO1UdOvDzB3I//jbFaA09JXNRAO3A=="
    }
  }
}
